
Microsoft Visual Studio Solution File, Format Version 12.00
# Visual Studio Version 17
VisualStudioVersion = 17.10.35122.118
MinimumVisualStudioVersion = 10.0.40219.1
Project("{FAE04EC0-301F-11D3-BF4B-00C04F79EFBC}") = "Backend", "Backend\Backend.csproj", "{DA7D68EB-5ACA-487B-A250-FA3A41FB4207}"
EndProject
Global
	GlobalSection(SolutionConfigurationPlatforms) = preSolution
		Debug|Any CPU = Debug|Any CPU
		Release|Any CPU = Release|Any CPU
	EndGlobalSection
	GlobalSection(ProjectConfigurationPlatforms) = postSolution
		{DA7D68EB-5ACA-487B-A250-FA3A41FB4207}.Debug|Any CPU.ActiveCfg = Debug|Any CPU
		{DA7D68EB-5ACA-487B-A250-FA3A41FB4207}.Debug|Any CPU.Build.0 = Debug|Any CPU
		{DA7D68EB-5ACA-487B-A250-FA3A41FB4207}.Release|Any CPU.ActiveCfg = Release|Any CPU
		{DA7D68EB-5ACA-487B-A250-FA3A41FB4207}.Release|Any CPU.Build.0 = Release|Any CPU
	EndGlobalSection
	GlobalSection(SolutionProperties) = preSolution
		HideSolutionNode = FALSE
	EndGlobalSection
	GlobalSection(ExtensibilityGlobals) = postSolution
		SolutionGuid = {18B08D53-B50A-4FCB-93C2-8D766AD0C286}
	EndGlobalSection
EndGlobal
